
Microsoft Visual Studio Solution File, Format Version 12.00
# Visual Studio Version 17
VisualStudioVersion = 17.13.35828.75 d17.13
MinimumVisualStudioVersion = 10.0.40219.1
Project("{FAE04EC0-301F-11D3-BF4B-00C04F79EFBC}") = "InvoiceService", "InvoiceService\InvoiceService.csproj", "{BB938A72-0297-4CD0-8AD9-C1870E0AD936}"
EndProject
Global
	GlobalSection(SolutionConfigurationPlatforms) = preSolution
		Debug|Any CPU = Debug|Any CPU
		Release|Any CPU = Release|Any CPU
	EndGlobalSection
	GlobalSection(ProjectConfigurationPlatforms) = postSolution
		{BB938A72-0297-4CD0-8AD9-C1870E0AD936}.Debug|Any CPU.ActiveCfg = Debug|Any CPU
		{BB938A72-0297-4CD0-8AD9-C1870E0AD936}.Debug|Any CPU.Build.0 = Debug|Any CPU
		{BB938A72-0297-4CD0-8AD9-C1870E0AD936}.Release|Any CPU.ActiveCfg = Release|Any CPU
		{BB938A72-0297-4CD0-8AD9-C1870E0AD936}.Release|Any CPU.Build.0 = Release|Any CPU
	EndGlobalSection
	GlobalSection(SolutionProperties) = preSolution
		HideSolutionNode = FALSE
	EndGlobalSection
	GlobalSection(ExtensibilityGlobals) = postSolution
		SolutionGuid = {9121D047-866C-44C0-AAF7-5719C12501A5}
	EndGlobalSection
EndGlobal
